// !$*UTF8*$!
{
	archiveVersion = 1;
	classes = {
	};
	objectVersion = 50;
	objects = {

/* Begin PBXFileReference section */
		9BC71DFE2158405D00F02D77 /* hello.java */ = {isa = PBXFileReference; lastKnownFileType = sourcecode.java; path = hello.java; sourceTree = "<group>"; };
/* End PBXFileReference section */

/* Begin PBXGroup section */
		9BC71DF72158404100F02D77 = {
			isa = PBXGroup;
			children = (
				9BC71DFE2158405D00F02D77 /* hello.java */,
			);
			sourceTree = "<group>";
		};
/* End PBXGroup section */

/* Begin PBXProject section */
		9BC71DF82158404100F02D77 /* Project object */ = {
			isa = PBXProject;
			attributes = {
				LastUpgradeCheck = 1000;
			};
			buildConfigurationList = 9BC71DFB2158404100F02D77 /* Build configuration list for PBXProject "EmilyTravellePractice" */;
			compatibilityVersion = "Xcode 9.3";
			developmentRegion = en;
			hasScannedForEncodings = 0;
			knownRegions = (
				en,
			);
			mainGroup = 9BC71DF72158404100F02D77;
			projectDirPath = "";
			projectRoot = "";
			targets = (
			);
		};
/* End PBXProject section */

/* Begin XCBuildConfiguration section */
		9BC71DFC2158404100F02D77 /* Debug */ = {
			isa = XCBuildConfiguration;
			buildSettings = {
			};
			name = Debug;
		};
		9BC71DFD2158404100F02D77 /* Release */ = {
			isa = XCBuildConfiguration;
			buildSettings = {
			};
			name = Release;
		};
/* End XCBuildConfiguration section */

/* Begin XCConfigurationList section */
		9BC71DFB2158404100F02D77 /* Build configuration list for PBXProject "EmilyTravellePractice" */ = {
			isa = XCConfigurationList;
			buildConfigurations = (
				9BC71DFC2158404100F02D77 /* Debug */,
				9BC71DFD2158404100F02D77 /* Release */,
			);
			defaultConfigurationIsVisible = 0;
			defaultConfigurationName = Release;
		};
/* End XCConfigurationList section */
	};
	rootObject = 9BC71DF82158404100F02D77 /* Project object */;
}
